
Microsoft Visual Studio Solution File, Format Version 12.00
# Visual Studio Version 17
VisualStudioVersion = 17.1.32210.238
MinimumVisualStudioVersion = 10.0.40219.1
Project("{8BC9CEB8-8B4A-11D0-8D11-00A0C91BC942}") = "XEngine_ModuleConfigure", "XEngine_ModuleConfigure\XEngine_ModuleConfigure.vcxproj", "{F54F152C-594F-4465-A44E-2DB915B39760}"
	ProjectSection(ProjectDependencies) = postProject
		{F1736B3F-03A2-4FC7-B045-A12BA8D724FB} = {F1736B3F-03A2-4FC7-B045-A12BA8D724FB}
	EndProjectSection
EndProject
Project("{2150E333-8FDC-42A3-9474-1A3956D46DE8}") = "XEngine_UserHdr", "XEngine_UserHdr", "{9E4F2158-9AC1-4C19-A3F7-375A9DBCF856}"
	ProjectSection(SolutionItems) = preProject
		XEngine_UserProtocol.h = XEngine_UserProtocol.h
	EndProjectSection
EndProject
Project("{2150E333-8FDC-42A3-9474-1A3956D46DE8}") = "XEngine_ServiceApp", "XEngine_ServiceApp", "{79A9A569-7DA8-4D9D-AD34-D11115199EA1}"
EndProject
Project("{8BC9CEB8-8B4A-11D0-8D11-00A0C91BC942}") = "XEngine_HttpApp", "XEngine_ServiceApp\XEngine_HttpApp\XEngine_HttpApp.vcxproj", "{E756B7D2-D40D-4106-9C14-1D90F20A712E}"
	ProjectSection(ProjectDependencies) = postProject
		{140AD4A9-4918-4345-B352-507C345AEBE0} = {140AD4A9-4918-4345-B352-507C345AEBE0}
		{6C935BE1-77E3-4719-A7A6-C76ABAFEE010} = {6C935BE1-77E3-4719-A7A6-C76ABAFEE010}
		{F1736B3F-03A2-4FC7-B045-A12BA8D724FB} = {F1736B3F-03A2-4FC7-B045-A12BA8D724FB}
		{F54F152C-594F-4465-A44E-2DB915B39760} = {F54F152C-594F-4465-A44E-2DB915B39760}
	EndProjectSection
EndProject
Project("{8BC9CEB8-8B4A-11D0-8D11-00A0C91BC942}") = "XEngine_CenterApp", "XEngine_ServiceApp\XEngine_CenterApp\XEngine_CenterApp.vcxproj", "{20946145-EFE0-4B44-845C-031E487687ED}"
	ProjectSection(ProjectDependencies) = postProject
		{140AD4A9-4918-4345-B352-507C345AEBE0} = {140AD4A9-4918-4345-B352-507C345AEBE0}
		{6C935BE1-77E3-4719-A7A6-C76ABAFEE010} = {6C935BE1-77E3-4719-A7A6-C76ABAFEE010}
		{F1736B3F-03A2-4FC7-B045-A12BA8D724FB} = {F1736B3F-03A2-4FC7-B045-A12BA8D724FB}
		{F54F152C-594F-4465-A44E-2DB915B39760} = {F54F152C-594F-4465-A44E-2DB915B39760}
	EndProjectSection
EndProject
Project("{8BC9CEB8-8B4A-11D0-8D11-00A0C91BC942}") = "XEngine_ModuleProtocol", "XEngine_ModuleProtocol\XEngine_ModuleProtocol.vcxproj", "{6C935BE1-77E3-4719-A7A6-C76ABAFEE010}"
	ProjectSection(ProjectDependencies) = postProject
		{F1736B3F-03A2-4FC7-B045-A12BA8D724FB} = {F1736B3F-03A2-4FC7-B045-A12BA8D724FB}
	EndProjectSection
EndProject
Project("{8BC9CEB8-8B4A-11D0-8D11-00A0C91BC942}") = "XEngine_ModuleDatabase", "XEngine_ModuleDatabase\XEngine_ModuleDatabase.vcxproj", "{140AD4A9-4918-4345-B352-507C345AEBE0}"
EndProject
Project("{8BC9CEB8-8B4A-11D0-8D11-00A0C91BC942}") = "XEngine_HTTP2App", "XEngine_ServiceApp\XEngine_HTTP2App\XEngine_HTTP2App.vcxproj", "{9BA08383-9908-46C8-A6FE-803BAB0C8AA4}"
	ProjectSection(ProjectDependencies) = postProject
		{140AD4A9-4918-4345-B352-507C345AEBE0} = {140AD4A9-4918-4345-B352-507C345AEBE0}
		{6C935BE1-77E3-4719-A7A6-C76ABAFEE010} = {6C935BE1-77E3-4719-A7A6-C76ABAFEE010}
		{F1736B3F-03A2-4FC7-B045-A12BA8D724FB} = {F1736B3F-03A2-4FC7-B045-A12BA8D724FB}
		{F54F152C-594F-4465-A44E-2DB915B39760} = {F54F152C-594F-4465-A44E-2DB915B39760}
	EndProjectSection
EndProject
Project("{8BC9CEB8-8B4A-11D0-8D11-00A0C91BC942}") = "XEngine_WebSocketApp", "XEngine_ServiceApp\XEngine_WebSocketApp\XEngine_WebSocketApp.vcxproj", "{5F2B92CF-D65A-47A4-9774-4F57F0A8B60F}"
	ProjectSection(ProjectDependencies) = postProject
		{140AD4A9-4918-4345-B352-507C345AEBE0} = {140AD4A9-4918-4345-B352-507C345AEBE0}
		{6C935BE1-77E3-4719-A7A6-C76ABAFEE010} = {6C935BE1-77E3-4719-A7A6-C76ABAFEE010}
		{F1736B3F-03A2-4FC7-B045-A12BA8D724FB} = {F1736B3F-03A2-4FC7-B045-A12BA8D724FB}
		{F54F152C-594F-4465-A44E-2DB915B39760} = {F54F152C-594F-4465-A44E-2DB915B39760}
	EndProjectSection
EndProject
Project("{8BC9CEB8-8B4A-11D0-8D11-00A0C91BC942}") = "XEngine_SimpleApp", "XEngine_ServiceApp\XEngine_SimpleApp\XEngine_SimpleApp.vcxproj", "{BB5EC7ED-F094-4065-BF7A-C1CC93967CE1}"
	ProjectSection(ProjectDependencies) = postProject
		{140AD4A9-4918-4345-B352-507C345AEBE0} = {140AD4A9-4918-4345-B352-507C345AEBE0}
		{6C935BE1-77E3-4719-A7A6-C76ABAFEE010} = {6C935BE1-77E3-4719-A7A6-C76ABAFEE010}
		{F1736B3F-03A2-4FC7-B045-A12BA8D724FB} = {F1736B3F-03A2-4FC7-B045-A12BA8D724FB}
		{F54F152C-594F-4465-A44E-2DB915B39760} = {F54F152C-594F-4465-A44E-2DB915B39760}
	EndProjectSection
EndProject
Project("{2150E333-8FDC-42A3-9474-1A3956D46DE8}") = "XEngine_Depend", "XEngine_Depend", "{B95BEA10-D69E-4BA1-BF80-D48855DEFC31}"
EndProject
Project("{8BC9CEB8-8B4A-11D0-8D11-00A0C91BC942}") = "jsoncpp", "XEngine_Depend\XEngine_Module\jsoncpp\jsoncpp.vcxproj", "{F1736B3F-03A2-4FC7-B045-A12BA8D724FB}"
EndProject
Project("{8BC9CEB8-8B4A-11D0-8D11-00A0C91BC942}") = "XEngine_InfoReport", "XEngine_Depend\XEngine_Module\XEngine_InfoReport\XEngine_InfoReport.vcxproj", "{F6520D2C-BB8E-45BB-964B-F5D6A4318A89}"
	ProjectSection(ProjectDependencies) = postProject
		{F1736B3F-03A2-4FC7-B045-A12BA8D724FB} = {F1736B3F-03A2-4FC7-B045-A12BA8D724FB}
	EndProjectSection
EndProject
Global
	GlobalSection(SolutionConfigurationPlatforms) = preSolution
		Debug|x64 = Debug|x64
		Debug|x86 = Debug|x86
		Release|x64 = Release|x64
		Release|x86 = Release|x86
	EndGlobalSection
	GlobalSection(ProjectConfigurationPlatforms) = postSolution
		{F54F152C-594F-4465-A44E-2DB915B39760}.Debug|x64.ActiveCfg = Debug|x64
		{F54F152C-594F-4465-A44E-2DB915B39760}.Debug|x64.Build.0 = Debug|x64
		{F54F152C-594F-4465-A44E-2DB915B39760}.Debug|x86.ActiveCfg = Debug|Win32
		{F54F152C-594F-4465-A44E-2DB915B39760}.Debug|x86.Build.0 = Debug|Win32
		{F54F152C-594F-4465-A44E-2DB915B39760}.Release|x64.ActiveCfg = Release|x64
		{F54F152C-594F-4465-A44E-2DB915B39760}.Release|x64.Build.0 = Release|x64
		{F54F152C-594F-4465-A44E-2DB915B39760}.Release|x86.ActiveCfg = Release|Win32
		{F54F152C-594F-4465-A44E-2DB915B39760}.Release|x86.Build.0 = Release|Win32
		{E756B7D2-D40D-4106-9C14-1D90F20A712E}.Debug|x64.ActiveCfg = Debug|x64
		{E756B7D2-D40D-4106-9C14-1D90F20A712E}.Debug|x64.Build.0 = Debug|x64
		{E756B7D2-D40D-4106-9C14-1D90F20A712E}.Debug|x86.ActiveCfg = Debug|Win32
		{E756B7D2-D40D-4106-9C14-1D90F20A712E}.Debug|x86.Build.0 = Debug|Win32
		{E756B7D2-D40D-4106-9C14-1D90F20A712E}.Release|x64.ActiveCfg = Release|x64
		{E756B7D2-D40D-4106-9C14-1D90F20A712E}.Release|x64.Build.0 = Release|x64
		{E756B7D2-D40D-4106-9C14-1D90F20A712E}.Release|x86.ActiveCfg = Release|Win32
		{E756B7D2-D40D-4106-9C14-1D90F20A712E}.Release|x86.Build.0 = Release|Win32
		{20946145-EFE0-4B44-845C-031E487687ED}.Debug|x64.ActiveCfg = Debug|x64
		{20946145-EFE0-4B44-845C-031E487687ED}.Debug|x64.Build.0 = Debug|x64
		{20946145-EFE0-4B44-845C-031E487687ED}.Debug|x86.ActiveCfg = Debug|Win32
		{20946145-EFE0-4B44-845C-031E487687ED}.Debug|x86.Build.0 = Debug|Win32
		{20946145-EFE0-4B44-845C-031E487687ED}.Release|x64.ActiveCfg = Release|x64
		{20946145-EFE0-4B44-845C-031E487687ED}.Release|x64.Build.0 = Release|x64
		{20946145-EFE0-4B44-845C-031E487687ED}.Release|x86.ActiveCfg = Release|Win32
		{20946145-EFE0-4B44-845C-031E487687ED}.Release|x86.Build.0 = Release|Win32
		{6C935BE1-77E3-4719-A7A6-C76ABAFEE010}.Debug|x64.ActiveCfg = Debug|x64
		{6C935BE1-77E3-4719-A7A6-C76ABAFEE010}.Debug|x64.Build.0 = Debug|x64
		{6C935BE1-77E3-4719-A7A6-C76ABAFEE010}.Debug|x86.ActiveCfg = Debug|Win32
		{6C935BE1-77E3-4719-A7A6-C76ABAFEE010}.Debug|x86.Build.0 = Debug|Win32
		{6C935BE1-77E3-4719-A7A6-C76ABAFEE010}.Release|x64.ActiveCfg = Release|x64
		{6C935BE1-77E3-4719-A7A6-C76ABAFEE010}.Release|x64.Build.0 = Release|x64
		{6C935BE1-77E3-4719-A7A6-C76ABAFEE010}.Release|x86.ActiveCfg = Release|Win32
		{6C935BE1-77E3-4719-A7A6-C76ABAFEE010}.Release|x86.Build.0 = Release|Win32
		{140AD4A9-4918-4345-B352-507C345AEBE0}.Debug|x64.ActiveCfg = Debug|x64
		{140AD4A9-4918-4345-B352-507C345AEBE0}.Debug|x64.Build.0 = Debug|x64
		{140AD4A9-4918-4345-B352-507C345AEBE0}.Debug|x86.ActiveCfg = Debug|Win32
		{140AD4A9-4918-4345-B352-507C345AEBE0}.Debug|x86.Build.0 = Debug|Win32
		{140AD4A9-4918-4345-B352-507C345AEBE0}.Release|x64.ActiveCfg = Release|x64
		{140AD4A9-4918-4345-B352-507C345AEBE0}.Release|x64.Build.0 = Release|x64
		{140AD4A9-4918-4345-B352-507C345AEBE0}.Release|x86.ActiveCfg = Release|Win32
		{140AD4A9-4918-4345-B352-507C345AEBE0}.Release|x86.Build.0 = Release|Win32
		{9BA08383-9908-46C8-A6FE-803BAB0C8AA4}.Debug|x64.ActiveCfg = Debug|x64
		{9BA08383-9908-46C8-A6FE-803BAB0C8AA4}.Debug|x64.Build.0 = Debug|x64
		{9BA08383-9908-46C8-A6FE-803BAB0C8AA4}.Debug|x86.ActiveCfg = Debug|Win32
		{9BA08383-9908-46C8-A6FE-803BAB0C8AA4}.Debug|x86.Build.0 = Debug|Win32
		{9BA08383-9908-46C8-A6FE-803BAB0C8AA4}.Release|x64.ActiveCfg = Release|x64
		{9BA08383-9908-46C8-A6FE-803BAB0C8AA4}.Release|x64.Build.0 = Release|x64
		{9BA08383-9908-46C8-A6FE-803BAB0C8AA4}.Release|x86.ActiveCfg = Release|Win32
		{9BA08383-9908-46C8-A6FE-803BAB0C8AA4}.Release|x86.Build.0 = Release|Win32
		{5F2B92CF-D65A-47A4-9774-4F57F0A8B60F}.Debug|x64.ActiveCfg = Debug|x64
		{5F2B92CF-D65A-47A4-9774-4F57F0A8B60F}.Debug|x64.Build.0 = Debug|x64
		{5F2B92CF-D65A-47A4-9774-4F57F0A8B60F}.Debug|x86.ActiveCfg = Debug|Win32
		{5F2B92CF-D65A-47A4-9774-4F57F0A8B60F}.Debug|x86.Build.0 = Debug|Win32
		{5F2B92CF-D65A-47A4-9774-4F57F0A8B60F}.Release|x64.ActiveCfg = Release|x64
		{5F2B92CF-D65A-47A4-9774-4F57F0A8B60F}.Release|x64.Build.0 = Release|x64
		{5F2B92CF-D65A-47A4-9774-4F57F0A8B60F}.Release|x86.ActiveCfg = Release|Win32
		{5F2B92CF-D65A-47A4-9774-4F57F0A8B60F}.Release|x86.Build.0 = Release|Win32
		{BB5EC7ED-F094-4065-BF7A-C1CC93967CE1}.Debug|x64.ActiveCfg = Debug|x64
		{BB5EC7ED-F094-4065-BF7A-C1CC93967CE1}.Debug|x64.Build.0 = Debug|x64
		{BB5EC7ED-F094-4065-BF7A-C1CC93967CE1}.Debug|x86.ActiveCfg = Debug|Win32
		{BB5EC7ED-F094-4065-BF7A-C1CC93967CE1}.Debug|x86.Build.0 = Debug|Win32
		{BB5EC7ED-F094-4065-BF7A-C1CC93967CE1}.Release|x64.ActiveCfg = Release|x64
		{BB5EC7ED-F094-4065-BF7A-C1CC93967CE1}.Release|x64.Build.0 = Release|x64
		{BB5EC7ED-F094-4065-BF7A-C1CC93967CE1}.Release|x86.ActiveCfg = Release|Win32
		{BB5EC7ED-F094-4065-BF7A-C1CC93967CE1}.Release|x86.Build.0 = Release|Win32
		{F1736B3F-03A2-4FC7-B045-A12BA8D724FB}.Debug|x64.ActiveCfg = Debug|x64
		{F1736B3F-03A2-4FC7-B045-A12BA8D724FB}.Debug|x64.Build.0 = Debug|x64
		{F1736B3F-03A2-4FC7-B045-A12BA8D724FB}.Debug|x86.ActiveCfg = Debug|Win32
		{F1736B3F-03A2-4FC7-B045-A12BA8D724FB}.Debug|x86.Build.0 = Debug|Win32
		{F1736B3F-03A2-4FC7-B045-A12BA8D724FB}.Release|x64.ActiveCfg = Release|x64
		{F1736B3F-03A2-4FC7-B045-A12BA8D724FB}.Release|x64.Build.0 = Release|x64
		{F1736B3F-03A2-4FC7-B045-A12BA8D724FB}.Release|x86.ActiveCfg = Release|Win32
		{F1736B3F-03A2-4FC7-B045-A12BA8D724FB}.Release|x86.Build.0 = Release|Win32
		{F6520D2C-BB8E-45BB-964B-F5D6A4318A89}.Debug|x64.ActiveCfg = Debug|x64
		{F6520D2C-BB8E-45BB-964B-F5D6A4318A89}.Debug|x64.Build.0 = Debug|x64
		{F6520D2C-BB8E-45BB-964B-F5D6A4318A89}.Debug|x86.ActiveCfg = Debug|Win32
		{F6520D2C-BB8E-45BB-964B-F5D6A4318A89}.Debug|x86.Build.0 = Debug|Win32
		{F6520D2C-BB8E-45BB-964B-F5D6A4318A89}.Release|x64.ActiveCfg = Release|x64
		{F6520D2C-BB8E-45BB-964B-F5D6A4318A89}.Release|x64.Build.0 = Release|x64
		{F6520D2C-BB8E-45BB-964B-F5D6A4318A89}.Release|x86.ActiveCfg = Release|Win32
		{F6520D2C-BB8E-45BB-964B-F5D6A4318A89}.Release|x86.Build.0 = Release|Win32
	EndGlobalSection
	GlobalSection(SolutionProperties) = preSolution
		HideSolutionNode = FALSE
	EndGlobalSection
	GlobalSection(NestedProjects) = preSolution
		{E756B7D2-D40D-4106-9C14-1D90F20A712E} = {79A9A569-7DA8-4D9D-AD34-D11115199EA1}
		{20946145-EFE0-4B44-845C-031E487687ED} = {79A9A569-7DA8-4D9D-AD34-D11115199EA1}
		{9BA08383-9908-46C8-A6FE-803BAB0C8AA4} = {79A9A569-7DA8-4D9D-AD34-D11115199EA1}
		{5F2B92CF-D65A-47A4-9774-4F57F0A8B60F} = {79A9A569-7DA8-4D9D-AD34-D11115199EA1}
		{BB5EC7ED-F094-4065-BF7A-C1CC93967CE1} = {79A9A569-7DA8-4D9D-AD34-D11115199EA1}
		{F1736B3F-03A2-4FC7-B045-A12BA8D724FB} = {B95BEA10-D69E-4BA1-BF80-D48855DEFC31}
		{F6520D2C-BB8E-45BB-964B-F5D6A4318A89} = {B95BEA10-D69E-4BA1-BF80-D48855DEFC31}
	EndGlobalSection
	GlobalSection(ExtensibilityGlobals) = postSolution
		SolutionGuid = {9B202F91-A601-429E-BB0F-880DDEE096FE}
	EndGlobalSection
EndGlobal
